
Microsoft Visual Studio Solution File, Format Version 12.00
# Visual Studio Version 16
VisualStudioVersion = 16.0.30717.126
MinimumVisualStudioVersion = 10.0.40219.1
Project("{FAE04EC0-301F-11D3-BF4B-00C04F79EFBC}") = "Sostenes.MyApi.Api", "Sostenes.MyApi.Api\Sostenes.MyApi.Api.csproj", "{BAF165F9-E5B0-4C3A-BCB1-51C24F8FBF95}"
EndProject
Project("{FAE04EC0-301F-11D3-BF4B-00C04F79EFBC}") = "Sostenes.MyApi.Dominio", "Sostenes.MyApi.Dominio\Sostenes.MyApi.Dominio.csproj", "{4E6893B2-7EA7-42B7-80F4-FCD6F28BD8E4}"
EndProject
Global
	GlobalSection(SolutionConfigurationPlatforms) = preSolution
		Debug|Any CPU = Debug|Any CPU
		Release|Any CPU = Release|Any CPU
	EndGlobalSection
	GlobalSection(ProjectConfigurationPlatforms) = postSolution
		{BAF165F9-E5B0-4C3A-BCB1-51C24F8FBF95}.Debug|Any CPU.ActiveCfg = Debug|Any CPU
		{BAF165F9-E5B0-4C3A-BCB1-51C24F8FBF95}.Debug|Any CPU.Build.0 = Debug|Any CPU
		{BAF165F9-E5B0-4C3A-BCB1-51C24F8FBF95}.Release|Any CPU.ActiveCfg = Release|Any CPU
		{BAF165F9-E5B0-4C3A-BCB1-51C24F8FBF95}.Release|Any CPU.Build.0 = Release|Any CPU
		{4E6893B2-7EA7-42B7-80F4-FCD6F28BD8E4}.Debug|Any CPU.ActiveCfg = Debug|Any CPU
		{4E6893B2-7EA7-42B7-80F4-FCD6F28BD8E4}.Debug|Any CPU.Build.0 = Debug|Any CPU
		{4E6893B2-7EA7-42B7-80F4-FCD6F28BD8E4}.Release|Any CPU.ActiveCfg = Release|Any CPU
		{4E6893B2-7EA7-42B7-80F4-FCD6F28BD8E4}.Release|Any CPU.Build.0 = Release|Any CPU
	EndGlobalSection
	GlobalSection(SolutionProperties) = preSolution
		HideSolutionNode = FALSE
	EndGlobalSection
	GlobalSection(ExtensibilityGlobals) = postSolution
		SolutionGuid = {62A684AE-D27E-43E8-A2D1-D12BED2CF421}
	EndGlobalSection
EndGlobal
